<?xml version="1.0" encoding="utf-8"?>
<Project ToolsVersion="4.0" xmlns="http://schemas.microsoft.com/developer/msbuild/2003">
  <ItemGroup>
    <Filter Include="源文件">
      <UniqueIdentifier>{4FC737F1-C7A5-4376-A066-2A32D752A2FF}</UniqueIdentifier>
      <Extensions>cpp;c;cc;cxx;def;odl;idl;hpj;bat;asm;asmx</Extensions>
    </Filter>
    <Filter Include="头文件">
      <UniqueIdentifier>{93995380-89BD-4b04-88EB-625FBE52EBFB}</UniqueIdentifier>
      <Extensions>h;hh;hpp;hxx;hm;inl;inc;ipp;xsd</Extensions>
    </Filter>
    <Filter Include="资源文件">
      <UniqueIdentifier>{67DA6AB6-F800-4c08-8B7A-83BB121AAD01}</UniqueIdentifier>
      <Extensions>rc;ico;cur;bmp;dlg;rc2;rct;bin;rgs;gif;jpg;jpeg;jpe;resx;tiff;tif;png;wav;mfcribbon-ms</Extensions>
    </Filter>
    <Filter Include="源文件\Code">
      <UniqueIdentifier>{4513e098-8ec1-4073-9021-720e1ddd6bc1}</UniqueIdentifier>
    </Filter>
    <Filter Include="源文件\Shader">
      <UniqueIdentifier>{2bf0a66d-95ac-42e2-b7eb-ee6b71ce964f}</UniqueIdentifier>
    </Filter>
  </ItemGroup>
  <ItemGroup>
    <ClInclude Include="Code\Game.h">
      <Filter>源文件\Code</Filter>
    </ClInclude>
    <ClInclude Include="Code\texture.h">
      <Filter>源文件\Code</Filter>
    </ClInclude>
    <ClInclude Include="Code\ResourceMgr.h">
      <Filter>源文件\Code</Filter>
    </ClInclude>
    <ClInclude Include="Code\Shader.h">
      <Filter>源文件\Code</Filter>
    </ClInclude>
    <ClInclude Include="Code\SpriteRenderer.h">
      <Filter>源文件\Code</Filter>
    </ClInclude>
    <ClInclude Include="Code\GameObject.h">
      <Filter>源文件\Code</Filter>
    </ClInclude>
    <ClInclude Include="Code\GameLevel.h">
      <Filter>源文件\Code</Filter>
    </ClInclude>
    <ClInclude Include="Code\Util.hpp">
      <Filter>源文件\Code</Filter>
    </ClInclude>
    <ClInclude Include="Code\BallObject.h">
      <Filter>源文件\Code</Filter>
    </ClInclude>
    <ClInclude Include="Code\Particle.h">
      <Filter>源文件\Code</Filter>
    </ClInclude>
    <ClInclude Include="Code\PostProcessing.h">
      <Filter>源文件\Code</Filter>
    </ClInclude>
  </ItemGroup>
  <ItemGroup>
    <ClCompile Include="Code\main.cpp">
      <Filter>源文件\Code</Filter>
    </ClCompile>
    <ClCompile Include="Code\Shader.cpp">
      <Filter>源文件\Code</Filter>
    </ClCompile>
    <ClCompile Include="Code\Game.cpp">
      <Filter>源文件\Code</Filter>
    </ClCompile>
    <ClCompile Include="Code\texture.cpp">
      <Filter>源文件\Code</Filter>
    </ClCompile>
    <ClCompile Include="Code\ResourceMgr.cpp">
      <Filter>源文件\Code</Filter>
    </ClCompile>
    <ClCompile Include="Code\SpriteRenderer.cpp">
      <Filter>源文件\Code</Filter>
    </ClCompile>
    <ClCompile Include="Code\GameObject.cpp">
      <Filter>源文件\Code</Filter>
    </ClCompile>
    <ClCompile Include="Code\GameLevel.cpp">
      <Filter>源文件\Code</Filter>
    </ClCompile>
    <ClCompile Include="Code\BallObject.cpp">
      <Filter>源文件\Code</Filter>
    </ClCompile>
    <ClCompile Include="Code\Particle.cpp">
      <Filter>源文件\Code</Filter>
    </ClCompile>
    <ClCompile Include="Code\PostProcessing.cpp">
      <Filter>源文件\Code</Filter>
    </ClCompile>
  </ItemGroup>
  <ItemGroup>
    <None Include="Assert\Shader\2DSprite.fs">
      <Filter>源文件\Shader</Filter>
    </None>
    <None Include="Assert\Shader\2DSprite.vs">
      <Filter>源文件\Shader</Filter>
    </None>
    <None Include="Assert\Shader\Patricle.fs">
      <Filter>源文件\Shader</Filter>
    </None>
    <None Include="Assert\Shader\Patricle.vs">
      <Filter>源文件\Shader</Filter>
    </None>
  </ItemGroup>
</Project>